
Microsoft Visual Studio Solution File, Format Version 12.00
# Visual Studio 15
VisualStudioVersion = 15.0.28010.2046
MinimumVisualStudioVersion = 10.0.40219.1
Project("{FAE04EC0-301F-11D3-BF4B-00C04F79EFBC}") = "WikiLibs", "WikiLibs\WikiLibs.csproj", "{3285B592-6FF1-417B-9308-517AABF2069E}"
EndProject
Project("{FAE04EC0-301F-11D3-BF4B-00C04F79EFBC}") = "API", "API\API.csproj", "{FA2FEADA-EF06-4258-AF58-54E22F65E9FB}"
EndProject
Global
	GlobalSection(SolutionConfigurationPlatforms) = preSolution
		Debug|Any CPU = Debug|Any CPU
		Release|Any CPU = Release|Any CPU
	EndGlobalSection
	GlobalSection(ProjectConfigurationPlatforms) = postSolution
		{3285B592-6FF1-417B-9308-517AABF2069E}.Debug|Any CPU.ActiveCfg = Debug|Any CPU
		{3285B592-6FF1-417B-9308-517AABF2069E}.Debug|Any CPU.Build.0 = Debug|Any CPU
		{3285B592-6FF1-417B-9308-517AABF2069E}.Release|Any CPU.ActiveCfg = Release|Any CPU
		{3285B592-6FF1-417B-9308-517AABF2069E}.Release|Any CPU.Build.0 = Release|Any CPU
		{FA2FEADA-EF06-4258-AF58-54E22F65E9FB}.Debug|Any CPU.ActiveCfg = Debug|Any CPU
		{FA2FEADA-EF06-4258-AF58-54E22F65E9FB}.Debug|Any CPU.Build.0 = Debug|Any CPU
		{FA2FEADA-EF06-4258-AF58-54E22F65E9FB}.Release|Any CPU.ActiveCfg = Release|Any CPU
		{FA2FEADA-EF06-4258-AF58-54E22F65E9FB}.Release|Any CPU.Build.0 = Release|Any CPU
	EndGlobalSection
	GlobalSection(SolutionProperties) = preSolution
		HideSolutionNode = FALSE
	EndGlobalSection
	GlobalSection(ExtensibilityGlobals) = postSolution
		SolutionGuid = {05B3F01F-E64F-4CA9-AC3A-C684A5AD47E0}
	EndGlobalSection
EndGlobal
